PODS:
  - Nimble (7.0.2)
  - Quick (1.2.0)

DEPENDENCIES:
  - Nimble (= 7.0.2)
  - Quick (= 1.2.0)

SPEC REPOS:
  https://github.com/cocoapods/specs.git:
    - Nimble
    - Quick

SPEC CHECKSUMS:
  Nimble: bfe1f814edabba69ff145cb1283e04ed636a67f2
  Quick: 58d203b1c5e27fff7229c4c1ae445ad7069a7a08

PODFILE CHECKSUM: 3982e603fa4d2981d37680069e59846b0f3be67b

COCOAPODS: 1.6.1
